// !$*UTF8*$!
{
	archiveVersion = 1;
	classes = {
	};
	objectVersion = 46;
	objects = {

/* Begin PBXBuildFile section */
		2067A596DF61A95D75193254 /* Pods_TSKitDemo.framework in Frameworks */ = {isa = PBXBuildFile; fileRef = 83560C3AEC598AD4578E0D86 /* Pods_TSKitDemo.framework */; };
		567887FC1F0E35190044344C /* AppDelegate.swift in Sources */ = {isa = PBXBuildFile; fileRef = 567887FB1F0E35190044344C /* AppDelegate.swift */; };
		567887FE1F0E35190044344C /* ViewController.swift in Sources */ = {isa = PBXBuildFile; fileRef = 567887FD1F0E35190044344C /* ViewController.swift */; };
		567888011F0E35190044344C /* Main.storyboard in Resources */ = {isa = PBXBuildFile; fileRef = 567887FF1F0E35190044344C /* Main.storyboard */; };
		567888031F0E35190044344C /* Assets.xcassets in Resources */ = {isa = PBXBuildFile; fileRef = 567888021F0E35190044344C /* Assets.xcassets */; };
		567888061F0E35190044344C /* LaunchScreen.storyboard in Resources */ = {isa = PBXBuildFile; fileRef = 567888041F0E35190044344C /* LaunchScreen.storyboard */; };
/* End PBXBuildFile section */

/* Begin PBXFileReference section */
		567887F81F0E35190044344C /* TSKitDemo.app */ = {isa = PBXFileReference; explicitFileType = wrapper.application; includeInIndex = 0; path = TSKitDemo.app; sourceTree = BUILT_PRODUCTS_DIR; };
		567887FB1F0E35190044344C /* AppDelegate.swift */ = {isa = PBXFileReference; lastKnownFileType = sourcecode.swift; path = AppDelegate.swift; sourceTree = "<group>"; };
		567887FD1F0E35190044344C /* ViewController.swift */ = {isa = PBXFileReference; lastKnownFileType = sourcecode.swift; path = ViewController.swift; sourceTree = "<group>"; };
		567888001F0E35190044344C /* Base */ = {isa = PBXFileReference; lastKnownFileType = file.storyboard; name = Base; path = Base.lproj/Main.storyboard; sourceTree = "<group>"; };
		567888021F0E35190044344C /* Assets.xcassets */ = {isa = PBXFileReference; lastKnownFileType = folder.assetcatalog; path = Assets.xcassets; sourceTree = "<group>"; };
		567888051F0E35190044344C /* Base */ = {isa = PBXFileReference; lastKnownFileType = file.storyboard; name = Base; path = Base.lproj/LaunchScreen.storyboard; sourceTree = "<group>"; };
		567888071F0E35190044344C /* Info.plist */ = {isa = PBXFileReference; lastKnownFileType = text.plist.xml; path = Info.plist; sourceTree = "<group>"; };
		83560C3AEC598AD4578E0D86 /* Pods_TSKitDemo.framework */ = {isa = PBXFileReference; explicitFileType = wrapper.framework; includeInIndex = 0; path = Pods_TSKitDemo.framework; sourceTree = BUILT_PRODUCTS_DIR; };
		CB0542143271D77844E5AA2C /* Pods-TSKitDemo.release.xcconfig */ = {isa = PBXFileReference; includeInIndex = 1; lastKnownFileType = text.xcconfig; name = "Pods-TSKitDemo.release.xcconfig"; path = "Pods/Target Support Files/Pods-TSKitDemo/Pods-TSKitDemo.release.xcconfig"; sourceTree = "<group>"; };
		EC44E7D8BA7042441368DA33 /* Pods-TSKitDemo.debug.xcconfig */ = {isa = PBXFileReference; includeInIndex = 1; lastKnownFileType = text.xcconfig; name = "Pods-TSKitDemo.debug.xcconfig"; path = "Pods/Target Support Files/Pods-TSKitDemo/Pods-TSKitDemo.debug.xcconfig"; sourceTree = "<group>"; };
/* End PBXFileReference section */

/* Begin PBXFrameworksBuildPhase section */
		567887F51F0E35190044344C /* Frameworks */ = {
			isa = PBXFrameworksBuildPhase;
			buildActionMask = 2147483647;
			files = (
				2067A596DF61A95D75193254 /* Pods_TSKitDemo.framework in Frameworks */,
			);
			runOnlyForDeploymentPostprocessing = 0;
		};
/* End PBXFrameworksBuildPhase section */

/* Begin PBXGroup section */
		1C88B8A8EB4EECBA15BA4B01 /* Pods */ = {
			isa = PBXGroup;
			children = (
				EC44E7D8BA7042441368DA33 /* Pods-TSKitDemo.debug.xcconfig */,
				CB0542143271D77844E5AA2C /* Pods-TSKitDemo.release.xcconfig */,
			);
			name = Pods;
			sourceTree = "<group>";
		};
		567887EF1F0E35190044344C = {
			isa = PBXGroup;
			children = (
				567887FA1F0E35190044344C /* TSKitDemo */,
				567887F91F0E35190044344C /* Products */,
				1C88B8A8EB4EECBA15BA4B01 /* Pods */,
				CF183E5337E8ADE5088A1911 /* Frameworks */,
			);
			sourceTree = "<group>";
		};
		567887F91F0E35190044344C /* Products */ = {
			isa = PBXGroup;
			children = (
				567887F81F0E35190044344C /* TSKitDemo.app */,
			);
			name = Products;
			sourceTree = "<group>";
		};
		567887FA1F0E35190044344C /* TSKitDemo */ = {
			isa = PBXGroup;
			children = (
				567887FB1F0E35190044344C /* AppDelegate.swift */,
				567887FD1F0E35190044344C /* ViewController.swift */,
				567887FF1F0E35190044344C /* Main.storyboard */,
				567888021F0E35190044344C /* Assets.xcassets */,
				567888041F0E35190044344C /* LaunchScreen.storyboard */,
				567888071F0E35190044344C /* Info.plist */,
			);
			path = TSKitDemo;
			sourceTree = "<group>";
		};
		CF183E5337E8ADE5088A1911 /* Frameworks */ = {
			isa = PBXGroup;
			children = (
				83560C3AEC598AD4578E0D86 /* Pods_TSKitDemo.framework */,
			);
			name = Frameworks;
			sourceTree = "<group>";
		};
/* End PBXGroup section */

/* Begin PBXNativeTarget section */
		567887F71F0E35190044344C /* TSKitDemo */ = {
			isa = PBXNativeTarget;
			buildConfigurationList = 5678880A1F0E35190044344C /* Build configuration list for PBXNativeTarget "TSKitDemo" */;
			buildPhases = (
				191B9186175EA66199E983BD /* [CP] Check Pods Manifest.lock */,
				567887F41F0E35190044344C /* Sources */,
				567887F51F0E35190044344C /* Frameworks */,
				567887F61F0E35190044344C /* Resources */,
				D1F76440EFAE8B86C286D6D1 /* [CP] Embed Pods Frameworks */,
				9A10D56E46B18F23D0EDAF8B /* [CP] Copy Pods Resources */,
			);
			buildRules = (
			);
			dependencies = (
			);
			name = TSKitDemo;
			productName = TSKitDemo;
			productReference = 567887F81F0E35190044344C /* TSKitDemo.app */;
			productType = "com.apple.product-type.application";
		};
/* End PBXNativeTarget section */

/* Begin PBXProject section */
		567887F01F0E35190044344C /* Project object */ = {
			isa = PBXProject;
			attributes = {
				LastSwiftUpdateCheck = 0830;
				LastUpgradeCheck = 0830;
				ORGANIZATIONNAME = "张玉飞";
				TargetAttributes = {
					567887F71F0E35190044344C = {
						CreatedOnToolsVersion = 8.3.3;
						ProvisioningStyle = Automatic;
					};
				};
			};
			buildConfigurationList = 567887F31F0E35190044344C /* Build configuration list for PBXProject "TSKitDemo" */;
			compatibilityVersion = "Xcode 3.2";
			developmentRegion = English;
			hasScannedForEncodings = 0;
			knownRegions = (
				en,
				Base,
			);
			mainGroup = 567887EF1F0E35190044344C;
			productRefGroup = 567887F91F0E35190044344C /* Products */;
			projectDirPath = "";
			projectRoot = "";
			targets = (
				567887F71F0E35190044344C /* TSKitDemo */,
			);
		};
/* End PBXProject section */

/* Begin PBXResourcesBuildPhase section */
		567887F61F0E35190044344C /* Resources */ = {
			isa = PBXResourcesBuildPhase;
			buildActionMask = 2147483647;
			files = (
				567888061F0E35190044344C /* LaunchScreen.storyboard in Resources */,
				567888031F0E35190044344C /* Assets.xcassets in Resources */,
				567888011F0E35190044344C /* Main.storyboard in Resources */,
			);
			runOnlyForDeploymentPostprocessing = 0;
		};
/* End PBXResourcesBuildPhase section */

/* Begin PBXShellScriptBuildPhase section */
		191B9186175EA66199E983BD /* [CP] Check Pods Manifest.lock */ = {
			isa = PBXShellScriptBuildPhase;
			buildActionMask = 2147483647;
			files = (
			);
			inputPaths = (
				"${PODS_PODFILE_DIR_PATH}/Podfile.lock",
				"${PODS_ROOT}/Manifest.lock",
			);
			name = "[CP] Check Pods Manifest.lock";
			outputPaths = (
				"$(DERIVED_FILE_DIR)/Pods-TSKitDemo-checkManifestLockResult.txt",
			);
			runOnlyForDeploymentPostprocessing = 0;
			shellPath = /bin/sh;
			shellScript = "diff \"${PODS_PODFILE_DIR_PATH}/Podfile.lock\" \"${PODS_ROOT}/Manifest.lock\" > /dev/null\nif [ $? != 0 ] ; then\n    # print error to STDERR\n    echo \"error: The sandbox is not in sync with the Podfile.lock. Run 'pod install' or update your CocoaPods installation.\" >&2\n    exit 1\nfi\n# This output is used by Xcode 'outputs' to avoid re-running this script phase.\necho \"SUCCESS\" > \"${SCRIPT_OUTPUT_FILE_0}\"\n";
			showEnvVarsInLog = 0;
		};
		9A10D56E46B18F23D0EDAF8B /* [CP] Copy Pods Resources */ = {
			isa = PBXShellScriptBuildPhase;
			buildActionMask = 2147483647;
			files = (
			);
			inputPaths = (
			);
			name = "[CP] Copy Pods Resources";
			outputPaths = (
			);
			runOnlyForDeploymentPostprocessing = 0;
			shellPath = /bin/sh;
			shellScript = "\"${SRCROOT}/Pods/Target Support Files/Pods-TSKitDemo/Pods-TSKitDemo-resources.sh\"\n";
			showEnvVarsInLog = 0;
		};
		D1F76440EFAE8B86C286D6D1 /* [CP] Embed Pods Frameworks */ = {
			isa = PBXShellScriptBuildPhase;
			buildActionMask = 2147483647;
			files = (
			);
			inputPaths = (
				"${SRCROOT}/Pods/Target Support Files/Pods-TSKitDemo/Pods-TSKitDemo-frameworks.sh",
				"${BUILT_PRODUCTS_DIR}/Alamofire/Alamofire.framework",
				"${BUILT_PRODUCTS_DIR}/Cache/Cache.framework",
				"${BUILT_PRODUCTS_DIR}/SwiftHash/SwiftHash.framework",
				"${BUILT_PRODUCTS_DIR}/TSKit/TSKit.framework",
			);
			name = "[CP] Embed Pods Frameworks";
			outputPaths = (
				"${TARGET_BUILD_DIR}/${FRAMEWORKS_FOLDER_PATH}/Alamofire.framework",
				"${TARGET_BUILD_DIR}/${FRAMEWORKS_FOLDER_PATH}/Cache.framework",
				"${TARGET_BUILD_DIR}/${FRAMEWORKS_FOLDER_PATH}/SwiftHash.framework",
				"${TARGET_BUILD_DIR}/${FRAMEWORKS_FOLDER_PATH}/TSKit.framework",
			);
			runOnlyForDeploymentPostprocessing = 0;
			shellPath = /bin/sh;
			shellScript = "\"${SRCROOT}/Pods/Target Support Files/Pods-TSKitDemo/Pods-TSKitDemo-frameworks.sh\"\n";
			showEnvVarsInLog = 0;
		};
/* End PBXShellScriptBuildPhase section */

/* Begin PBXSourcesBuildPhase section */
		567887F41F0E35190044344C /* Sources */ = {
			isa = PBXSourcesBuildPhase;
			buildActionMask = 2147483647;
			files = (
				567887FE1F0E35190044344C /* ViewController.swift in Sources */,
				567887FC1F0E35190044344C /* AppDelegate.swift in Sources */,
			);
			runOnlyForDeploymentPostprocessing = 0;
		};
/* End PBXSourcesBuildPhase section */

/* Begin PBXVariantGroup section */
		567887FF1F0E35190044344C /* Main.storyboard */ = {
			isa = PBXVariantGroup;
			children = (
				567888001F0E35190044344C /* Base */,
			);
			name = Main.storyboard;
			sourceTree = "<group>";
		};
		567888041F0E35190044344C /* LaunchScreen.storyboard */ = {
			isa = PBXVariantGroup;
			children = (
				567888051F0E35190044344C /* Base */,
			);
			name = LaunchScreen.storyboard;
			sourceTree = "<group>";
		};
/* End PBXVariantGroup section */

/* Begin XCBuildConfiguration section */
		567888081F0E35190044344C /* Debug */ = {
			isa = XCBuildConfiguration;
			buildSettings = {
				ALWAYS_SEARCH_USER_PATHS = NO;
				CLANG_ANALYZER_NONNULL = YES;
				CLANG_ANALYZER_NUMBER_OBJECT_CONVERSION = YES_AGGRESSIVE;
				CLANG_CXX_LANGUAGE_STANDARD = "gnu++0x";
				CLANG_CXX_LIBRARY = "libc++";
				CLANG_ENABLE_MODULES = YES;
				CLANG_ENABLE_OBJC_ARC = YES;
				CLANG_WARN_BOOL_CONVERSION = YES;
				CLANG_WARN_CONSTANT_CONVERSION = YES;
				CLANG_WARN_DIRECT_OBJC_ISA_USAGE = YES_ERROR;
				CLANG_WARN_DOCUMENTATION_COMMENTS = YES;
				CLANG_WARN_EMPTY_BODY = YES;
				CLANG_WARN_ENUM_CONVERSION = YES;
				CLANG_WARN_INFINITE_RECURSION = YES;
				CLANG_WARN_INT_CONVERSION = YES;
				CLANG_WARN_OBJC_ROOT_CLASS = YES_ERROR;
				CLANG_WARN_SUSPICIOUS_MOVE = YES;
				CLANG_WARN_UNREACHABLE_CODE = YES;
				CLANG_WARN__DUPLICATE_METHOD_MATCH = YES;
				"CODE_SIGN_IDENTITY[sdk=iphoneos*]" = "iPhone Developer";
				COPY_PHASE_STRIP = NO;
				DEBUG_INFORMATION_FORMAT = dwarf;
				ENABLE_STRICT_OBJC_MSGSEND = YES;
				ENABLE_TESTABILITY = YES;
				GCC_C_LANGUAGE_STANDARD = gnu99;
				GCC_DYNAMIC_NO_PIC = NO;
				GCC_NO_COMMON_BLOCKS = YES;
				GCC_OPTIMIZATION_LEVEL = 0;
				GCC_PREPROCESSOR_DEFINITIONS = (
					"DEBUG=1",
					"$(inherited)",
				);
				GCC_WARN_64_TO_32_BIT_CONVERSION = YES;
				GCC_WARN_ABOUT_RETURN_TYPE = YES_ERROR;
				GCC_WARN_UNDECLARED_SELECTOR = YES;
				GCC_WARN_UNINITIALIZED_AUTOS = YES_AGGRESSIVE;
				GCC_WARN_UNUSED_FUNCTION = YES;
				GCC_WARN_UNUSED_VARIABLE = YES;
				IPHONEOS_DEPLOYMENT_TARGET = 10.3;
				MTL_ENABLE_DEBUG_INFO = YES;
				ONLY_ACTIVE_ARCH = YES;
				SDKROOT = iphoneos;
				SWIFT_ACTIVE_COMPILATION_CONDITIONS = DEBUG;
				SWIFT_OPTIMIZATION_LEVEL = "-Onone";
			};
			name = Debug;
		};
		567888091F0E35190044344C /* Release */ = {
			isa = XCBuildConfiguration;
			buildSettings = {
				ALWAYS_SEARCH_USER_PATHS = NO;
				CLANG_ANALYZER_NONNULL = YES;
				CLANG_ANALYZER_NUMBER_OBJECT_CONVERSION = YES_AGGRESSIVE;
				CLANG_CXX_LANGUAGE_STANDARD = "gnu++0x";
				CLANG_CXX_LIBRARY = "libc++";
				CLANG_ENABLE_MODULES = YES;
				CLANG_ENABLE_OBJC_ARC = YES;
				CLANG_WARN_BOOL_CONVERSION = YES;
				CLANG_WARN_CONSTANT_CONVERSION = YES;
				CLANG_WARN_DIRECT_OBJC_ISA_USAGE = YES_ERROR;
				CLANG_WARN_DOCUMENTATION_COMMENTS = YES;
				CLANG_WARN_EMPTY_BODY = YES;
				CLANG_WARN_ENUM_CONVERSION = YES;
				CLANG_WARN_INFINITE_RECURSION = YES;
				CLANG_WARN_INT_CONVERSION = YES;
				CLANG_WARN_OBJC_ROOT_CLASS = YES_ERROR;
				CLANG_WARN_SUSPICIOUS_MOVE = YES;
				CLANG_WARN_UNREACHABLE_CODE = YES;
				CLANG_WARN__DUPLICATE_METHOD_MATCH = YES;
				"CODE_SIGN_IDENTITY[sdk=iphoneos*]" = "iPhone Developer";
				COPY_PHASE_STRIP = NO;
				DEBUG_INFORMATION_FORMAT = "dwarf-with-dsym";
				ENABLE_NS_ASSERTIONS = NO;
				ENABLE_STRICT_OBJC_MSGSEND = YES;
				GCC_C_LANGUAGE_STANDARD = gnu99;
				GCC_NO_COMMON_BLOCKS = YES;
				GCC_WARN_64_TO_32_BIT_CONVERSION = YES;
				GCC_WARN_ABOUT_RETURN_TYPE = YES_ERROR;
				GCC_WARN_UNDECLARED_SELECTOR = YES;
				GCC_WARN_UNINITIALIZED_AUTOS = YES_AGGRESSIVE;
				GCC_WARN_UNUSED_FUNCTION = YES;
				GCC_WARN_UNUSED_VARIABLE = YES;
				IPHONEOS_DEPLOYMENT_TARGET = 10.3;
				MTL_ENABLE_DEBUG_INFO = NO;
				SDKROOT = iphoneos;
				SWIFT_OPTIMIZATION_LEVEL = "-Owholemodule";
				VALIDATE_PRODUCT = YES;
			};
			name = Release;
		};
		5678880B1F0E35190044344C /* Debug */ = {
			isa = XCBuildConfiguration;
			baseConfigurationReference = EC44E7D8BA7042441368DA33 /* Pods-TSKitDemo.debug.xcconfig */;
			buildSettings = {
				ASSETCATALOG_COMPILER_APPICON_NAME = AppIcon;
				INFOPLIST_FILE = TSKitDemo/Info.plist;
				LD_RUNPATH_SEARCH_PATHS = "$(inherited) @executable_path/Frameworks";
				PRODUCT_BUNDLE_IDENTIFIER = yisun.TSKitDemo;
				PRODUCT_NAME = "$(TARGET_NAME)";
				SWIFT_VERSION = 3.0;
			};
			name = Debug;
		};
		5678880C1F0E35190044344C /* Release */ = {
			isa = XCBuildConfiguration;
			baseConfigurationReference = CB0542143271D77844E5AA2C /* Pods-TSKitDemo.release.xcconfig */;
			buildSettings = {
				ASSETCATALOG_COMPILER_APPICON_NAME = AppIcon;
				INFOPLIST_FILE = TSKitDemo/Info.plist;
				LD_RUNPATH_SEARCH_PATHS = "$(inherited) @executable_path/Frameworks";
				PRODUCT_BUNDLE_IDENTIFIER = yisun.TSKitDemo;
				PRODUCT_NAME = "$(TARGET_NAME)";
				SWIFT_VERSION = 3.0;
			};
			name = Release;
		};
/* End XCBuildConfiguration section */

/* Begin XCConfigurationList section */
		567887F31F0E35190044344C /* Build configuration list for PBXProject "TSKitDemo" */ = {
			isa = XCConfigurationList;
			buildConfigurations = (
				567888081F0E35190044344C /* Debug */,
				567888091F0E35190044344C /* Release */,
			);
			defaultConfigurationIsVisible = 0;
			defaultConfigurationName = Release;
		};
		5678880A1F0E35190044344C /* Build configuration list for PBXNativeTarget "TSKitDemo" */ = {
			isa = XCConfigurationList;
			buildConfigurations = (
				5678880B1F0E35190044344C /* Debug */,
				5678880C1F0E35190044344C /* Release */,
			);
			defaultConfigurationIsVisible = 0;
		};
/* End XCConfigurationList section */
	};
	rootObject = 567887F01F0E35190044344C /* Project object */;
}
